
Microsoft Visual Studio Solution File, Format Version 12.00
# Visual Studio 15
Project("{FAE04EC0-301F-11D3-BF4B-00C04F79EFBC}") = "Assembly-CSharp", "Assembly-CSharp.csproj", "{40CE9CFA-D882-E0D6-FF39-BD7B2AC697DF}"
EndProject
Project("{FAE04EC0-301F-11D3-BF4B-00C04F79EFBC}") = "Assembly-CSharp-Editor", "Assembly-CSharp-Editor.csproj", "{7DCBB935-6764-9340-3D09-56C941D3C4B5}"
EndProject
Global
	GlobalSection(SolutionConfigurationPlatforms) = preSolution
		Debug|Any CPU = Debug|Any CPU
		Release|Any CPU = Release|Any CPU
	EndGlobalSection
	GlobalSection(ProjectConfigurationPlatforms) = postSolution
		{40CE9CFA-D882-E0D6-FF39-BD7B2AC697DF}.Debug|Any CPU.ActiveCfg = Debug|Any CPU
		{40CE9CFA-D882-E0D6-FF39-BD7B2AC697DF}.Debug|Any CPU.Build.0 = Debug|Any CPU
		{40CE9CFA-D882-E0D6-FF39-BD7B2AC697DF}.Release|Any CPU.ActiveCfg = Release|Any CPU
		{40CE9CFA-D882-E0D6-FF39-BD7B2AC697DF}.Release|Any CPU.Build.0 = Release|Any CPU
		{7DCBB935-6764-9340-3D09-56C941D3C4B5}.Debug|Any CPU.ActiveCfg = Debug|Any CPU
		{7DCBB935-6764-9340-3D09-56C941D3C4B5}.Debug|Any CPU.Build.0 = Debug|Any CPU
		{7DCBB935-6764-9340-3D09-56C941D3C4B5}.Release|Any CPU.ActiveCfg = Release|Any CPU
		{7DCBB935-6764-9340-3D09-56C941D3C4B5}.Release|Any CPU.Build.0 = Release|Any CPU
	EndGlobalSection
	GlobalSection(SolutionProperties) = preSolution
		HideSolutionNode = FALSE
	EndGlobalSection
EndGlobal
